// !$*UTF8*$!
{
	archiveVersion = 1;
	classes = {
	};
	objectVersion = 46;
	objects = {

/* Begin PBXBuildFile section */
		0FA6936E195FC1EE00512896 /* Foundation.framework in Frameworks */ = {isa = PBXBuildFile; fileRef = 0FA6936D195FC1EE00512896 /* Foundation.framework */; };
		0FA69370195FC1EE00512896 /* CoreGraphics.framework in Frameworks */ = {isa = PBXBuildFile; fileRef = 0FA6936F195FC1EE00512896 /* CoreGraphics.framework */; };
		0FA69372195FC1EE00512896 /* UIKit.framework in Frameworks */ = {isa = PBXBuildFile; fileRef = 0FA69371195FC1EE00512896 /* UIKit.framework */; };
		0FA69378195FC1EE00512896 /* InfoPlist.strings in Resources */ = {isa = PBXBuildFile; fileRef = 0FA69376195FC1EE00512896 /* InfoPlist.strings */; };
		0FA6937A195FC1EE00512896 /* main.m in Sources */ = {isa = PBXBuildFile; fileRef = 0FA69379195FC1EE00512896 /* main.m */; };
		0FA6937E195FC1EE00512896 /* AppDelegate.m in Sources */ = {isa = PBXBuildFile; fileRef = 0FA6937D195FC1EE00512896 /* AppDelegate.m */; };
		0FA69380195FC1EE00512896 /* Images.xcassets in Resources */ = {isa = PBXBuildFile; fileRef = 0FA6937F195FC1EE00512896 /* Images.xcassets */; };
		0FA69387195FC1EE00512896 /* XCTest.framework in Frameworks */ = {isa = PBXBuildFile; fileRef = 0FA69386195FC1EE00512896 /* XCTest.framework */; };
		0FA69388195FC1EE00512896 /* Foundation.framework in Frameworks */ = {isa = PBXBuildFile; fileRef = 0FA6936D195FC1EE00512896 /* Foundation.framework */; };
		0FA69389195FC1EE00512896 /* UIKit.framework in Frameworks */ = {isa = PBXBuildFile; fileRef = 0FA69371195FC1EE00512896 /* UIKit.framework */; };
		0FA69391195FC1EE00512896 /* InfoPlist.strings in Resources */ = {isa = PBXBuildFile; fileRef = 0FA6938F195FC1EE00512896 /* InfoPlist.strings */; };
		0FA69393195FC1EE00512896 /* Week2aTests.m in Sources */ = {isa = PBXBuildFile; fileRef = 0FA69392195FC1EE00512896 /* Week2aTests.m */; };
		0FA6939F195FC21E00512896 /* LoginViewController.m in Sources */ = {isa = PBXBuildFile; fileRef = 0FA6939D195FC21E00512896 /* LoginViewController.m */; };
		0FA693A0195FC21E00512896 /* LoginViewController.xib in Resources */ = {isa = PBXBuildFile; fileRef = 0FA6939E195FC21E00512896 /* LoginViewController.xib */; };
		0FA693A4195FC22900512896 /* FeedViewController.m in Sources */ = {isa = PBXBuildFile; fileRef = 0FA693A2195FC22800512896 /* FeedViewController.m */; };
		0FA693A5195FC22900512896 /* FeedViewController.xib in Resources */ = {isa = PBXBuildFile; fileRef = 0FA693A3195FC22800512896 /* FeedViewController.xib */; };
		0FBDB8F11960C502005E5790 /* NotificationViewController.m in Sources */ = {isa = PBXBuildFile; fileRef = 0FBDB8EF1960C502005E5790 /* NotificationViewController.m */; };
		0FBDB8F21960C502005E5790 /* NotificationViewController.xib in Resources */ = {isa = PBXBuildFile; fileRef = 0FBDB8F01960C502005E5790 /* NotificationViewController.xib */; };
		0FBDB8F61960C97E005E5790 /* PeopleViewController.m in Sources */ = {isa = PBXBuildFile; fileRef = 0FBDB8F41960C97E005E5790 /* PeopleViewController.m */; };
		0FBDB8F71960C97E005E5790 /* PeopleViewController.xib in Resources */ = {isa = PBXBuildFile; fileRef = 0FBDB8F51960C97E005E5790 /* PeopleViewController.xib */; };
		0FBDB9001960FE7B005E5790 /* SearchViewController.m in Sources */ = {isa = PBXBuildFile; fileRef = 0FBDB8FE1960FE7B005E5790 /* SearchViewController.m */; };
		0FBDB9011960FE7B005E5790 /* SearchViewController.xib in Resources */ = {isa = PBXBuildFile; fileRef = 0FBDB8FF1960FE7B005E5790 /* SearchViewController.xib */; };
		0FBDB90519610554005E5790 /* StatusViewController.m in Sources */ = {isa = PBXBuildFile; fileRef = 0FBDB90319610554005E5790 /* StatusViewController.m */; };
		0FBDB90619610554005E5790 /* StatusViewController.xib in Resources */ = {isa = PBXBuildFile; fileRef = 0FBDB90419610554005E5790 /* StatusViewController.xib */; };
		0FBDB90A1961272D005E5790 /* MoreViewController.m in Sources */ = {isa = PBXBuildFile; fileRef = 0FBDB9081961272D005E5790 /* MoreViewController.m */; };
		0FBDB90B1961272D005E5790 /* MoreViewController.xib in Resources */ = {isa = PBXBuildFile; fileRef = 0FBDB9091961272D005E5790 /* MoreViewController.xib */; };
		0FBDB90F19614477005E5790 /* CheckinViewController.m in Sources */ = {isa = PBXBuildFile; fileRef = 0FBDB90D19614477005E5790 /* CheckinViewController.m */; };
		0FBDB91019614477005E5790 /* CheckinViewController.xib in Resources */ = {isa = PBXBuildFile; fileRef = 0FBDB90E19614477005E5790 /* CheckinViewController.xib */; };
/* End PBXBuildFile section */

/* Begin PBXContainerItemProxy section */
		0FA6938A195FC1EE00512896 /* PBXContainerItemProxy */ = {
			isa = PBXContainerItemProxy;
			containerPortal = 0FA69362195FC1EE00512896 /* Project object */;
			proxyType = 1;
			remoteGlobalIDString = 0FA69369195FC1EE00512896;
			remoteInfo = Week2a;
		};
/* End PBXContainerItemProxy section */

/* Begin PBXFileReference section */
		0FA6936A195FC1EE00512896 /* Week2a.app */ = {isa = PBXFileReference; explicitFileType = wrapper.application; includeInIndex = 0; path = Week2a.app; sourceTree = BUILT_PRODUCTS_DIR; };
		0FA6936D195FC1EE00512896 /* Foundation.framework */ = {isa = PBXFileReference; lastKnownFileType = wrapper.framework; name = Foundation.framework; path = System/Library/Frameworks/Foundation.framework; sourceTree = SDKROOT; };
		0FA6936F195FC1EE00512896 /* CoreGraphics.framework */ = {isa = PBXFileReference; lastKnownFileType = wrapper.framework; name = CoreGraphics.framework; path = System/Library/Frameworks/CoreGraphics.framework; sourceTree = SDKROOT; };
		0FA69371195FC1EE00512896 /* UIKit.framework */ = {isa = PBXFileReference; lastKnownFileType = wrapper.framework; name = UIKit.framework; path = System/Library/Frameworks/UIKit.framework; sourceTree = SDKROOT; };
		0FA69375195FC1EE00512896 /* Week2a-Info.plist */ = {isa = PBXFileReference; lastKnownFileType = text.plist.xml; path = "Week2a-Info.plist"; sourceTree = "<group>"; };
		0FA69377195FC1EE00512896 /* en */ = {isa = PBXFileReference; lastKnownFileType = text.plist.strings; name = en; path = en.lproj/InfoPlist.strings; sourceTree = "<group>"; };
		0FA69379195FC1EE00512896 /* main.m */ = {isa = PBXFileReference; lastKnownFileType = sourcecode.c.objc; path = main.m; sourceTree = "<group>"; };
		0FA6937B195FC1EE00512896 /* Week2a-Prefix.pch */ = {isa = PBXFileReference; lastKnownFileType = sourcecode.c.h; path = "Week2a-Prefix.pch"; sourceTree = "<group>"; };
		0FA6937C195FC1EE00512896 /* AppDelegate.h */ = {isa = PBXFileReference; lastKnownFileType = sourcecode.c.h; path = AppDelegate.h; sourceTree = "<group>"; };
		0FA6937D195FC1EE00512896 /* AppDelegate.m */ = {isa = PBXFileReference; lastKnownFileType = sourcecode.c.objc; path = AppDelegate.m; sourceTree = "<group>"; };
		0FA6937F195FC1EE00512896 /* Images.xcassets */ = {isa = PBXFileReference; lastKnownFileType = folder.assetcatalog; path = Images.xcassets; sourceTree = "<group>"; };
		0FA69385195FC1EE00512896 /* Week2aTests.xctest */ = {isa = PBXFileReference; explicitFileType = wrapper.cfbundle; includeInIndex = 0; path = Week2aTests.xctest; sourceTree = BUILT_PRODUCTS_DIR; };
		0FA69386195FC1EE00512896 /* XCTest.framework */ = {isa = PBXFileReference; lastKnownFileType = wrapper.framework; name = XCTest.framework; path = Library/Frameworks/XCTest.framework; sourceTree = DEVELOPER_DIR; };
		0FA6938E195FC1EE00512896 /* Week2aTests-Info.plist */ = {isa = PBXFileReference; lastKnownFileType = text.plist.xml; path = "Week2aTests-Info.plist"; sourceTree = "<group>"; };
		0FA69390195FC1EE00512896 /* en */ = {isa = PBXFileReference; lastKnownFileType = text.plist.strings; name = en; path = en.lproj/InfoPlist.strings; sourceTree = "<group>"; };
		0FA69392195FC1EE00512896 /* Week2aTests.m */ = {isa = PBXFileReference; lastKnownFileType = sourcecode.c.objc; path = Week2aTests.m; sourceTree = "<group>"; };
		0FA6939C195FC21E00512896 /* LoginViewController.h */ = {isa = PBXFileReference; fileEncoding = 4; lastKnownFileType = sourcecode.c.h; path = LoginViewController.h; sourceTree = "<group>"; };
		0FA6939D195FC21E00512896 /* LoginViewController.m */ = {isa = PBXFileReference; fileEncoding = 4; lastKnownFileType = sourcecode.c.objc; path = LoginViewController.m; sourceTree = "<group>"; };
		0FA6939E195FC21E00512896 /* LoginViewController.xib */ = {isa = PBXFileReference; fileEncoding = 4; lastKnownFileType = file.xib; path = LoginViewController.xib; sourceTree = "<group>"; };
		0FA693A1195FC22800512896 /* FeedViewController.h */ = {isa = PBXFileReference; fileEncoding = 4; lastKnownFileType = sourcecode.c.h; path = FeedViewController.h; sourceTree = "<group>"; };
		0FA693A2195FC22800512896 /* FeedViewController.m */ = {isa = PBXFileReference; fileEncoding = 4; lastKnownFileType = sourcecode.c.objc; path = FeedViewController.m; sourceTree = "<group>"; };
		0FA693A3195FC22800512896 /* FeedViewController.xib */ = {isa = PBXFileReference; fileEncoding = 4; lastKnownFileType = file.xib; path = FeedViewController.xib; sourceTree = "<group>"; };
		0FBDB8EE1960C502005E5790 /* NotificationViewController.h */ = {isa = PBXFileReference; fileEncoding = 4; lastKnownFileType = sourcecode.c.h; path = NotificationViewController.h; sourceTree = "<group>"; };
		0FBDB8EF1960C502005E5790 /* NotificationViewController.m */ = {isa = PBXFileReference; fileEncoding = 4; lastKnownFileType = sourcecode.c.objc; path = NotificationViewController.m; sourceTree = "<group>"; };
		0FBDB8F01960C502005E5790 /* NotificationViewController.xib */ = {isa = PBXFileReference; fileEncoding = 4; lastKnownFileType = file.xib; path = NotificationViewController.xib; sourceTree = "<group>"; };
		0FBDB8F31960C97E005E5790 /* PeopleViewController.h */ = {isa = PBXFileReference; fileEncoding = 4; lastKnownFileType = sourcecode.c.h; path = PeopleViewController.h; sourceTree = "<group>"; };
		0FBDB8F41960C97E005E5790 /* PeopleViewController.m */ = {isa = PBXFileReference; fileEncoding = 4; lastKnownFileType = sourcecode.c.objc; path = PeopleViewController.m; sourceTree = "<group>"; };
		0FBDB8F51960C97E005E5790 /* PeopleViewController.xib */ = {isa = PBXFileReference; fileEncoding = 4; lastKnownFileType = file.xib; path = PeopleViewController.xib; sourceTree = "<group>"; };
		0FBDB8FD1960FE7B005E5790 /* SearchViewController.h */ = {isa = PBXFileReference; fileEncoding = 4; lastKnownFileType = sourcecode.c.h; path = SearchViewController.h; sourceTree = "<group>"; };
		0FBDB8FE1960FE7B005E5790 /* SearchViewController.m */ = {isa = PBXFileReference; fileEncoding = 4; lastKnownFileType = sourcecode.c.objc; path = SearchViewController.m; sourceTree = "<group>"; };
		0FBDB8FF1960FE7B005E5790 /* SearchViewController.xib */ = {isa = PBXFileReference; fileEncoding = 4; lastKnownFileType = file.xib; path = SearchViewController.xib; sourceTree = "<group>"; };
		0FBDB90219610554005E5790 /* StatusViewController.h */ = {isa = PBXFileReference; fileEncoding = 4; lastKnownFileType = sourcecode.c.h; path = StatusViewController.h; sourceTree = "<group>"; };
		0FBDB90319610554005E5790 /* StatusViewController.m */ = {isa = PBXFileReference; fileEncoding = 4; lastKnownFileType = sourcecode.c.objc; path = StatusViewController.m; sourceTree = "<group>"; };
		0FBDB90419610554005E5790 /* StatusViewController.xib */ = {isa = PBXFileReference; fileEncoding = 4; lastKnownFileType = file.xib; path = StatusViewController.xib; sourceTree = "<group>"; };
		0FBDB9071961272D005E5790 /* MoreViewController.h */ = {isa = PBXFileReference; fileEncoding = 4; lastKnownFileType = sourcecode.c.h; path = MoreViewController.h; sourceTree = "<group>"; };
		0FBDB9081961272D005E5790 /* MoreViewController.m */ = {isa = PBXFileReference; fileEncoding = 4; lastKnownFileType = sourcecode.c.objc; path = MoreViewController.m; sourceTree = "<group>"; };
		0FBDB9091961272D005E5790 /* MoreViewController.xib */ = {isa = PBXFileReference; fileEncoding = 4; lastKnownFileType = file.xib; path = MoreViewController.xib; sourceTree = "<group>"; };
		0FBDB90C19614477005E5790 /* CheckinViewController.h */ = {isa = PBXFileReference; fileEncoding = 4; lastKnownFileType = sourcecode.c.h; path = CheckinViewController.h; sourceTree = "<group>"; };
		0FBDB90D19614477005E5790 /* CheckinViewController.m */ = {isa = PBXFileReference; fileEncoding = 4; lastKnownFileType = sourcecode.c.objc; path = CheckinViewController.m; sourceTree = "<group>"; };
		0FBDB90E19614477005E5790 /* CheckinViewController.xib */ = {isa = PBXFileReference; fileEncoding = 4; lastKnownFileType = file.xib; path = CheckinViewController.xib; sourceTree = "<group>"; };
/* End PBXFileReference section */

/* Begin PBXFrameworksBuildPhase section */
		0FA69367195FC1EE00512896 /* Frameworks */ = {
			isa = PBXFrameworksBuildPhase;
			buildActionMask = 2147483647;
			files = (
				0FA69370195FC1EE00512896 /* CoreGraphics.framework in Frameworks */,
				0FA69372195FC1EE00512896 /* UIKit.framework in Frameworks */,
				0FA6936E195FC1EE00512896 /* Foundation.framework in Frameworks */,
			);
			runOnlyForDeploymentPostprocessing = 0;
		};
		0FA69382195FC1EE00512896 /* Frameworks */ = {
			isa = PBXFrameworksBuildPhase;
			buildActionMask = 2147483647;
			files = (
				0FA69387195FC1EE00512896 /* XCTest.framework in Frameworks */,
				0FA69389195FC1EE00512896 /* UIKit.framework in Frameworks */,
				0FA69388195FC1EE00512896 /* Foundation.framework in Frameworks */,
			);
			runOnlyForDeploymentPostprocessing = 0;
		};
/* End PBXFrameworksBuildPhase section */

/* Begin PBXGroup section */
		0FA69361195FC1EE00512896 = {
			isa = PBXGroup;
			children = (
				0FA6939C195FC21E00512896 /* LoginViewController.h */,
				0FA6939D195FC21E00512896 /* LoginViewController.m */,
				0FA6939E195FC21E00512896 /* LoginViewController.xib */,
				0FA693A1195FC22800512896 /* FeedViewController.h */,
				0FA693A2195FC22800512896 /* FeedViewController.m */,
				0FA693A3195FC22800512896 /* FeedViewController.xib */,
				0FBDB8F31960C97E005E5790 /* PeopleViewController.h */,
				0FBDB8F41960C97E005E5790 /* PeopleViewController.m */,
				0FBDB8F51960C97E005E5790 /* PeopleViewController.xib */,
				0FBDB8EE1960C502005E5790 /* NotificationViewController.h */,
				0FBDB8EF1960C502005E5790 /* NotificationViewController.m */,
				0FBDB8F01960C502005E5790 /* NotificationViewController.xib */,
				0FBDB9071961272D005E5790 /* MoreViewController.h */,
				0FBDB9081961272D005E5790 /* MoreViewController.m */,
				0FBDB9091961272D005E5790 /* MoreViewController.xib */,
				0FBDB8FD1960FE7B005E5790 /* SearchViewController.h */,
				0FBDB8FE1960FE7B005E5790 /* SearchViewController.m */,
				0FBDB8FF1960FE7B005E5790 /* SearchViewController.xib */,
				0FBDB90219610554005E5790 /* StatusViewController.h */,
				0FBDB90319610554005E5790 /* StatusViewController.m */,
				0FBDB90419610554005E5790 /* StatusViewController.xib */,
				0FBDB90C19614477005E5790 /* CheckinViewController.h */,
				0FBDB90D19614477005E5790 /* CheckinViewController.m */,
				0FBDB90E19614477005E5790 /* CheckinViewController.xib */,
				0FA69373195FC1EE00512896 /* Week2a */,
				0FA6938C195FC1EE00512896 /* Week2aTests */,
				0FA6936C195FC1EE00512896 /* Frameworks */,
				0FA6936B195FC1EE00512896 /* Products */,
			);
			sourceTree = "<group>";
		};
		0FA6936B195FC1EE00512896 /* Products */ = {
			isa = PBXGroup;
			children = (
				0FA6936A195FC1EE00512896 /* Week2a.app */,
				0FA69385195FC1EE00512896 /* Week2aTests.xctest */,
			);
			name = Products;
			sourceTree = "<group>";
		};
		0FA6936C195FC1EE00512896 /* Frameworks */ = {
			isa = PBXGroup;
			children = (
				0FA6936D195FC1EE00512896 /* Foundation.framework */,
				0FA6936F195FC1EE00512896 /* CoreGraphics.framework */,
				0FA69371195FC1EE00512896 /* UIKit.framework */,
				0FA69386195FC1EE00512896 /* XCTest.framework */,
			);
			name = Frameworks;
			sourceTree = "<group>";
		};
		0FA69373195FC1EE00512896 /* Week2a */ = {
			isa = PBXGroup;
			children = (
				0FA6937C195FC1EE00512896 /* AppDelegate.h */,
				0FA6937D195FC1EE00512896 /* AppDelegate.m */,
				0FA6937F195FC1EE00512896 /* Images.xcassets */,
				0FA69374195FC1EE00512896 /* Supporting Files */,
			);
			path = Week2a;
			sourceTree = "<group>";
		};
		0FA69374195FC1EE00512896 /* Supporting Files */ = {
			isa = PBXGroup;
			children = (
				0FA69375195FC1EE00512896 /* Week2a-Info.plist */,
				0FA69376195FC1EE00512896 /* InfoPlist.strings */,
				0FA69379195FC1EE00512896 /* main.m */,
				0FA6937B195FC1EE00512896 /* Week2a-Prefix.pch */,
			);
			name = "Supporting Files";
			sourceTree = "<group>";
		};
		0FA6938C195FC1EE00512896 /* Week2aTests */ = {
			isa = PBXGroup;
			children = (
				0FA69392195FC1EE00512896 /* Week2aTests.m */,
				0FA6938D195FC1EE00512896 /* Supporting Files */,
			);
			path = Week2aTests;
			sourceTree = "<group>";
		};
		0FA6938D195FC1EE00512896 /* Supporting Files */ = {
			isa = PBXGroup;
			children = (
				0FA6938E195FC1EE00512896 /* Week2aTests-Info.plist */,
				0FA6938F195FC1EE00512896 /* InfoPlist.strings */,
			);
			name = "Supporting Files";
			sourceTree = "<group>";
		};
/* End PBXGroup section */

/* Begin PBXNativeTarget section */
		0FA69369195FC1EE00512896 /* Week2a */ = {
			isa = PBXNativeTarget;
			buildConfigurationList = 0FA69396195FC1EE00512896 /* Build configuration list for PBXNativeTarget "Week2a" */;
			buildPhases = (
				0FA69366195FC1EE00512896 /* Sources */,
				0FA69367195FC1EE00512896 /* Frameworks */,
				0FA69368195FC1EE00512896 /* Resources */,
			);
			buildRules = (
			);
			dependencies = (
			);
			name = Week2a;
			productName = Week2a;
			productReference = 0FA6936A195FC1EE00512896 /* Week2a.app */;
			productType = "com.apple.product-type.application";
		};
		0FA69384195FC1EE00512896 /* Week2aTests */ = {
			isa = PBXNativeTarget;
			buildConfigurationList = 0FA69399195FC1EE00512896 /* Build configuration list for PBXNativeTarget "Week2aTests" */;
			buildPhases = (
				0FA69381195FC1EE00512896 /* Sources */,
				0FA69382195FC1EE00512896 /* Frameworks */,
				0FA69383195FC1EE00512896 /* Resources */,
			);
			buildRules = (
			);
			dependencies = (
				0FA6938B195FC1EE00512896 /* PBXTargetDependency */,
			);
			name = Week2aTests;
			productName = Week2aTests;
			productReference = 0FA69385195FC1EE00512896 /* Week2aTests.xctest */;
			productType = "com.apple.product-type.bundle.unit-test";
		};
/* End PBXNativeTarget section */

/* Begin PBXProject section */
		0FA69362195FC1EE00512896 /* Project object */ = {
			isa = PBXProject;
			attributes = {
				LastUpgradeCheck = 0510;
				ORGANIZATIONNAME = jung;
				TargetAttributes = {
					0FA69384195FC1EE00512896 = {
						TestTargetID = 0FA69369195FC1EE00512896;
					};
				};
			};
			buildConfigurationList = 0FA69365195FC1EE00512896 /* Build configuration list for PBXProject "Week2a" */;
			compatibilityVersion = "Xcode 3.2";
			developmentRegion = English;
			hasScannedForEncodings = 0;
			knownRegions = (
				en,
			);
			mainGroup = 0FA69361195FC1EE00512896;
			productRefGroup = 0FA6936B195FC1EE00512896 /* Products */;
			projectDirPath = "";
			projectRoot = "";
			targets = (
				0FA69369195FC1EE00512896 /* Week2a */,
				0FA69384195FC1EE00512896 /* Week2aTests */,
			);
		};
/* End PBXProject section */

/* Begin PBXResourcesBuildPhase section */
		0FA69368195FC1EE00512896 /* Resources */ = {
			isa = PBXResourcesBuildPhase;
			buildActionMask = 2147483647;
			files = (
				0FBDB8F21960C502005E5790 /* NotificationViewController.xib in Resources */,
				0FBDB8F71960C97E005E5790 /* PeopleViewController.xib in Resources */,
				0FA69378195FC1EE00512896 /* InfoPlist.strings in Resources */,
				0FA69380195FC1EE00512896 /* Images.xcassets in Resources */,
				0FBDB90619610554005E5790 /* StatusViewController.xib in Resources */,
				0FA693A5195FC22900512896 /* FeedViewController.xib in Resources */,
				0FBDB91019614477005E5790 /* CheckinViewController.xib in Resources */,
				0FA693A0195FC21E00512896 /* LoginViewController.xib in Resources */,
				0FBDB90B1961272D005E5790 /* MoreViewController.xib in Resources */,
				0FBDB9011960FE7B005E5790 /* SearchViewController.xib in Resources */,
			);
			runOnlyForDeploymentPostprocessing = 0;
		};
		0FA69383195FC1EE00512896 /* Resources */ = {
			isa = PBXResourcesBuildPhase;
			buildActionMask = 2147483647;
			files = (
				0FA69391195FC1EE00512896 /* InfoPlist.strings in Resources */,
			);
			runOnlyForDeploymentPostprocessing = 0;
		};
/* End PBXResourcesBuildPhase section */

/* Begin PBXSourcesBuildPhase section */
		0FA69366195FC1EE00512896 /* Sources */ = {
			isa = PBXSourcesBuildPhase;
			buildActionMask = 2147483647;
			files = (
				0FA6937E195FC1EE00512896 /* AppDelegate.m in Sources */,
				0FA6937A195FC1EE00512896 /* main.m in Sources */,
				0FBDB90F19614477005E5790 /* CheckinViewController.m in Sources */,
				0FA693A4195FC22900512896 /* FeedViewController.m in Sources */,
				0FBDB8F61960C97E005E5790 /* PeopleViewController.m in Sources */,
				0FBDB90A1961272D005E5790 /* MoreViewController.m in Sources */,
				0FBDB90519610554005E5790 /* StatusViewController.m in Sources */,
				0FBDB8F11960C502005E5790 /* NotificationViewController.m in Sources */,
				0FA6939F195FC21E00512896 /* LoginViewController.m in Sources */,
				0FBDB9001960FE7B005E5790 /* SearchViewController.m in Sources */,
			);
			runOnlyForDeploymentPostprocessing = 0;
		};
		0FA69381195FC1EE00512896 /* Sources */ = {
			isa = PBXSourcesBuildPhase;
			buildActionMask = 2147483647;
			files = (
				0FA69393195FC1EE00512896 /* Week2aTests.m in Sources */,
			);
			runOnlyForDeploymentPostprocessing = 0;
		};
/* End PBXSourcesBuildPhase section */

/* Begin PBXTargetDependency section */
		0FA6938B195FC1EE00512896 /* PBXTargetDependency */ = {
			isa = PBXTargetDependency;
			target = 0FA69369195FC1EE00512896 /* Week2a */;
			targetProxy = 0FA6938A195FC1EE00512896 /* PBXContainerItemProxy */;
		};
/* End PBXTargetDependency section */

/* Begin PBXVariantGroup section */
		0FA69376195FC1EE00512896 /* InfoPlist.strings */ = {
			isa = PBXVariantGroup;
			children = (
				0FA69377195FC1EE00512896 /* en */,
			);
			name = InfoPlist.strings;
			sourceTree = "<group>";
		};
		0FA6938F195FC1EE00512896 /* InfoPlist.strings */ = {
			isa = PBXVariantGroup;
			children = (
				0FA69390195FC1EE00512896 /* en */,
			);
			name = InfoPlist.strings;
			sourceTree = "<group>";
		};
/* End PBXVariantGroup section */

/* Begin XCBuildConfiguration section */
		0FA69394195FC1EE00512896 /* Debug */ = {
			isa = XCBuildConfiguration;
			buildSettings = {
				ALWAYS_SEARCH_USER_PATHS = NO;
				CLANG_CXX_LANGUAGE_STANDARD = "gnu++0x";
				CLANG_CXX_LIBRARY = "libc++";
				CLANG_ENABLE_MODULES = YES;
				CLANG_ENABLE_OBJC_ARC = YES;
				CLANG_WARN_BOOL_CONVERSION = YES;
				CLANG_WARN_CONSTANT_CONVERSION = YES;
				CLANG_WARN_DIRECT_OBJC_ISA_USAGE = YES_ERROR;
				CLANG_WARN_EMPTY_BODY = YES;
				CLANG_WARN_ENUM_CONVERSION = YES;
				CLANG_WARN_INT_CONVERSION = YES;
				CLANG_WARN_OBJC_ROOT_CLASS = YES_ERROR;
				CLANG_WARN__DUPLICATE_METHOD_MATCH = YES;
				"CODE_SIGN_IDENTITY[sdk=iphoneos*]" = "iPhone Developer";
				COPY_PHASE_STRIP = NO;
				GCC_C_LANGUAGE_STANDARD = gnu99;
				GCC_DYNAMIC_NO_PIC = NO;
				GCC_OPTIMIZATION_LEVEL = 0;
				GCC_PREPROCESSOR_DEFINITIONS = (
					"DEBUG=1",
					"$(inherited)",
				);
				GCC_SYMBOLS_PRIVATE_EXTERN = NO;
				GCC_WARN_64_TO_32_BIT_CONVERSION = YES;
				GCC_WARN_ABOUT_RETURN_TYPE = YES_ERROR;
				GCC_WARN_UNDECLARED_SELECTOR = YES;
				GCC_WARN_UNINITIALIZED_AUTOS = YES_AGGRESSIVE;
				GCC_WARN_UNUSED_FUNCTION = YES;
				GCC_WARN_UNUSED_VARIABLE = YES;
				IPHONEOS_DEPLOYMENT_TARGET = 7.1;
				ONLY_ACTIVE_ARCH = YES;
				SDKROOT = iphoneos;
			};
			name = Debug;
		};
		0FA69395195FC1EE00512896 /* Release */ = {
			isa = XCBuildConfiguration;
			buildSettings = {
				ALWAYS_SEARCH_USER_PATHS = NO;
				CLANG_CXX_LANGUAGE_STANDARD = "gnu++0x";
				CLANG_CXX_LIBRARY = "libc++";
				CLANG_ENABLE_MODULES = YES;
				CLANG_ENABLE_OBJC_ARC = YES;
				CLANG_WARN_BOOL_CONVERSION = YES;
				CLANG_WARN_CONSTANT_CONVERSION = YES;
				CLANG_WARN_DIRECT_OBJC_ISA_USAGE = YES_ERROR;
				CLANG_WARN_EMPTY_BODY = YES;
				CLANG_WARN_ENUM_CONVERSION = YES;
				CLANG_WARN_INT_CONVERSION = YES;
				CLANG_WARN_OBJC_ROOT_CLASS = YES_ERROR;
				CLANG_WARN__DUPLICATE_METHOD_MATCH = YES;
				"CODE_SIGN_IDENTITY[sdk=iphoneos*]" = "iPhone Developer";
				COPY_PHASE_STRIP = YES;
				ENABLE_NS_ASSERTIONS = NO;
				GCC_C_LANGUAGE_STANDARD = gnu99;
				GCC_WARN_64_TO_32_BIT_CONVERSION = YES;
				GCC_WARN_ABOUT_RETURN_TYPE = YES_ERROR;
				GCC_WARN_UNDECLARED_SELECTOR = YES;
				GCC_WARN_UNINITIALIZED_AUTOS = YES_AGGRESSIVE;
				GCC_WARN_UNUSED_FUNCTION = YES;
				GCC_WARN_UNUSED_VARIABLE = YES;
				IPHONEOS_DEPLOYMENT_TARGET = 7.1;
				SDKROOT = iphoneos;
				VALIDATE_PRODUCT = YES;
			};
			name = Release;
		};
		0FA69397195FC1EE00512896 /* Debug */ = {
			isa = XCBuildConfiguration;
			buildSettings = {
				ASSETCATALOG_COMPILER_APPICON_NAME = AppIcon;
				ASSETCATALOG_COMPILER_LAUNCHIMAGE_NAME = LaunchImage;
				GCC_PRECOMPILE_PREFIX_HEADER = YES;
				GCC_PREFIX_HEADER = "Week2a/Week2a-Prefix.pch";
				INFOPLIST_FILE = "Week2a/Week2a-Info.plist";
				PRODUCT_NAME = "$(TARGET_NAME)";
				WRAPPER_EXTENSION = app;
			};
			name = Debug;
		};
		0FA69398195FC1EE00512896 /* Release */ = {
			isa = XCBuildConfiguration;
			buildSettings = {
				ASSETCATALOG_COMPILER_APPICON_NAME = AppIcon;
				ASSETCATALOG_COMPILER_LAUNCHIMAGE_NAME = LaunchImage;
				GCC_PRECOMPILE_PREFIX_HEADER = YES;
				GCC_PREFIX_HEADER = "Week2a/Week2a-Prefix.pch";
				INFOPLIST_FILE = "Week2a/Week2a-Info.plist";
				PRODUCT_NAME = "$(TARGET_NAME)";
				WRAPPER_EXTENSION = app;
			};
			name = Release;
		};
		0FA6939A195FC1EE00512896 /* Debug */ = {
			isa = XCBuildConfiguration;
			buildSettings = {
				BUNDLE_LOADER = "$(BUILT_PRODUCTS_DIR)/Week2a.app/Week2a";
				FRAMEWORK_SEARCH_PATHS = (
					"$(SDKROOT)/Developer/Library/Frameworks",
					"$(inherited)",
					"$(DEVELOPER_FRAMEWORKS_DIR)",
				);
				GCC_PRECOMPILE_PREFIX_HEADER = YES;
				GCC_PREFIX_HEADER = "Week2a/Week2a-Prefix.pch";
				GCC_PREPROCESSOR_DEFINITIONS = (
					"DEBUG=1",
					"$(inherited)",
				);
				INFOPLIST_FILE = "Week2aTests/Week2aTests-Info.plist";
				PRODUCT_NAME = "$(TARGET_NAME)";
				TEST_HOST = "$(BUNDLE_LOADER)";
				WRAPPER_EXTENSION = xctest;
			};
			name = Debug;
		};
		0FA6939B195FC1EE00512896 /* Release */ = {
			isa = XCBuildConfiguration;
			buildSettings = {
				BUNDLE_LOADER = "$(BUILT_PRODUCTS_DIR)/Week2a.app/Week2a";
				FRAMEWORK_SEARCH_PATHS = (
					"$(SDKROOT)/Developer/Library/Frameworks",
					"$(inherited)",
					"$(DEVELOPER_FRAMEWORKS_DIR)",
				);
				GCC_PRECOMPILE_PREFIX_HEADER = YES;
				GCC_PREFIX_HEADER = "Week2a/Week2a-Prefix.pch";
				INFOPLIST_FILE = "Week2aTests/Week2aTests-Info.plist";
				PRODUCT_NAME = "$(TARGET_NAME)";
				TEST_HOST = "$(BUNDLE_LOADER)";
				WRAPPER_EXTENSION = xctest;
			};
			name = Release;
		};
/* End XCBuildConfiguration section */

/* Begin XCConfigurationList section */
		0FA69365195FC1EE00512896 /* Build configuration list for PBXProject "Week2a" */ = {
			isa = XCConfigurationList;
			buildConfigurations = (
				0FA69394195FC1EE00512896 /* Debug */,
				0FA69395195FC1EE00512896 /* Release */,
			);
			defaultConfigurationIsVisible = 0;
			defaultConfigurationName = Release;
		};
		0FA69396195FC1EE00512896 /* Build configuration list for PBXNativeTarget "Week2a" */ = {
			isa = XCConfigurationList;
			buildConfigurations = (
				0FA69397195FC1EE00512896 /* Debug */,
				0FA69398195FC1EE00512896 /* Release */,
			);
			defaultConfigurationIsVisible = 0;
			defaultConfigurationName = Release;
		};
		0FA69399195FC1EE00512896 /* Build configuration list for PBXNativeTarget "Week2aTests" */ = {
			isa = XCConfigurationList;
			buildConfigurations = (
				0FA6939A195FC1EE00512896 /* Debug */,
				0FA6939B195FC1EE00512896 /* Release */,
			);
			defaultConfigurationIsVisible = 0;
			defaultConfigurationName = Release;
		};
/* End XCConfigurationList section */
	};
	rootObject = 0FA69362195FC1EE00512896 /* Project object */;
}
